// !$*UTF8*$!
{
	archiveVersion = 1;
	classes = {
	};
	objectVersion = 55;
	objects = {

/* Begin PBXBuildFile section */
		CA5F9D7D2763710E00E07AF2 /* MusicListCell.swift in Sources */ = {isa = PBXBuildFile; fileRef = CA5F9D7C2763710D00E07AF2 /* MusicListCell.swift */; };
		CADDE7A9275F6FB2003B1F05 /* file34.mp3 in Resources */ = {isa = PBXBuildFile; fileRef = CADDE788275F6FB0003B1F05 /* file34.mp3 */; };
		CADDE7AA275F6FB2003B1F05 /* file15.mp3 in Resources */ = {isa = PBXBuildFile; fileRef = CADDE789275F6FB0003B1F05 /* file15.mp3 */; };
		CADDE7AB275F6FB2003B1F05 /* file22.mp3 in Resources */ = {isa = PBXBuildFile; fileRef = CADDE78A275F6FB0003B1F05 /* file22.mp3 */; };
		CADDE7AC275F6FB2003B1F05 /* file3.mp3 in Resources */ = {isa = PBXBuildFile; fileRef = CADDE78B275F6FB0003B1F05 /* file3.mp3 */; };
		CADDE7AD275F6FB2003B1F05 /* file28.mp3 in Resources */ = {isa = PBXBuildFile; fileRef = CADDE78C275F6FB0003B1F05 /* file28.mp3 */; };
		CADDE7AE275F6FB2003B1F05 /* file5.mp3 in Resources */ = {isa = PBXBuildFile; fileRef = CADDE78D275F6FB0003B1F05 /* file5.mp3 */; };
		CADDE7AF275F6FB2003B1F05 /* file33.mp3 in Resources */ = {isa = PBXBuildFile; fileRef = CADDE78E275F6FB1003B1F05 /* file33.mp3 */; };
		CADDE7B0275F6FB2003B1F05 /* file8.mp3 in Resources */ = {isa = PBXBuildFile; fileRef = CADDE78F275F6FB1003B1F05 /* file8.mp3 */; };
		CADDE7B1275F6FB2003B1F05 /* file6.mp3 in Resources */ = {isa = PBXBuildFile; fileRef = CADDE790275F6FB1003B1F05 /* file6.mp3 */; };
		CADDE7B2275F6FB2003B1F05 /* file12.mp3 in Resources */ = {isa = PBXBuildFile; fileRef = CADDE791275F6FB1003B1F05 /* file12.mp3 */; };
		CADDE7B3275F6FB2003B1F05 /* file16.mp3 in Resources */ = {isa = PBXBuildFile; fileRef = CADDE792275F6FB1003B1F05 /* file16.mp3 */; };
		CADDE7B4275F6FB2003B1F05 /* file7.mp3 in Resources */ = {isa = PBXBuildFile; fileRef = CADDE793275F6FB1003B1F05 /* file7.mp3 */; };
		CADDE7B5275F6FB2003B1F05 /* file4.mp3 in Resources */ = {isa = PBXBuildFile; fileRef = CADDE794275F6FB1003B1F05 /* file4.mp3 */; };
		CADDE7B6275F6FB2003B1F05 /* file11.mp3 in Resources */ = {isa = PBXBuildFile; fileRef = CADDE795275F6FB1003B1F05 /* file11.mp3 */; };
		CADDE7B7275F6FB2003B1F05 /* file26.mp3 in Resources */ = {isa = PBXBuildFile; fileRef = CADDE796275F6FB1003B1F05 /* file26.mp3 */; };
		CADDE7B8275F6FB2003B1F05 /* file29.mp3 in Resources */ = {isa = PBXBuildFile; fileRef = CADDE797275F6FB1003B1F05 /* file29.mp3 */; };
		CADDE7B9275F6FB2003B1F05 /* file27.mp3 in Resources */ = {isa = PBXBuildFile; fileRef = CADDE798275F6FB1003B1F05 /* file27.mp3 */; };
		CADDE7BA275F6FB2003B1F05 /* file18.mp3 in Resources */ = {isa = PBXBuildFile; fileRef = CADDE799275F6FB1003B1F05 /* file18.mp3 */; };
		CADDE7BB275F6FB2003B1F05 /* file30.mp3 in Resources */ = {isa = PBXBuildFile; fileRef = CADDE79A275F6FB1003B1F05 /* file30.mp3 */; };
		CADDE7BC275F6FB2003B1F05 /* file10.mp3 in Resources */ = {isa = PBXBuildFile; fileRef = CADDE79B275F6FB1003B1F05 /* file10.mp3 */; };
		CADDE7BD275F6FB2003B1F05 /* file25.mp3 in Resources */ = {isa = PBXBuildFile; fileRef = CADDE79C275F6FB1003B1F05 /* file25.mp3 */; };
		CADDE7BE275F6FB2003B1F05 /* file14.mp3 in Resources */ = {isa = PBXBuildFile; fileRef = CADDE79D275F6FB1003B1F05 /* file14.mp3 */; };
		CADDE7BF275F6FB2003B1F05 /* file24.mp3 in Resources */ = {isa = PBXBuildFile; fileRef = CADDE79E275F6FB2003B1F05 /* file24.mp3 */; };
		CADDE7C0275F6FB2003B1F05 /* file23.mp3 in Resources */ = {isa = PBXBuildFile; fileRef = CADDE79F275F6FB2003B1F05 /* file23.mp3 */; };
		CADDE7C1275F6FB2003B1F05 /* file9.mp3 in Resources */ = {isa = PBXBuildFile; fileRef = CADDE7A0275F6FB2003B1F05 /* file9.mp3 */; };
		CADDE7C2275F6FB2003B1F05 /* file32.mp3 in Resources */ = {isa = PBXBuildFile; fileRef = CADDE7A1275F6FB2003B1F05 /* file32.mp3 */; };
		CADDE7C3275F6FB2003B1F05 /* file2.mp3 in Resources */ = {isa = PBXBuildFile; fileRef = CADDE7A2275F6FB2003B1F05 /* file2.mp3 */; };
		CADDE7C4275F6FB2003B1F05 /* file17.mp3 in Resources */ = {isa = PBXBuildFile; fileRef = CADDE7A3275F6FB2003B1F05 /* file17.mp3 */; };
		CADDE7C5275F6FB2003B1F05 /* file13.mp3 in Resources */ = {isa = PBXBuildFile; fileRef = CADDE7A4275F6FB2003B1F05 /* file13.mp3 */; };
		CADDE7C6275F6FB2003B1F05 /* file21.mp3 in Resources */ = {isa = PBXBuildFile; fileRef = CADDE7A5275F6FB2003B1F05 /* file21.mp3 */; };
		CADDE7C7275F6FB2003B1F05 /* file19.mp3 in Resources */ = {isa = PBXBuildFile; fileRef = CADDE7A6275F6FB2003B1F05 /* file19.mp3 */; };
		CADDE7C8275F6FB2003B1F05 /* file20.mp3 in Resources */ = {isa = PBXBuildFile; fileRef = CADDE7A7275F6FB2003B1F05 /* file20.mp3 */; };
		CADDE7C9275F6FB2003B1F05 /* file31.mp3 in Resources */ = {isa = PBXBuildFile; fileRef = CADDE7A8275F6FB2003B1F05 /* file31.mp3 */; };
		CADDE7CB275F709C003B1F05 /* UIViewControllerEx.swift in Sources */ = {isa = PBXBuildFile; fileRef = CADDE7CA275F709C003B1F05 /* UIViewControllerEx.swift */; };
		CADDE7CE275F726A003B1F05 /* ListeningFilesRepository.swift in Sources */ = {isa = PBXBuildFile; fileRef = CADDE7CD275F726A003B1F05 /* ListeningFilesRepository.swift */; };
		CADDE7D0275F7656003B1F05 /* MusicFile.swift in Sources */ = {isa = PBXBuildFile; fileRef = CADDE7CF275F7656003B1F05 /* MusicFile.swift */; };
		CADDE7D2275F8688003B1F05 /* MainDiffableDataSource.swift in Sources */ = {isa = PBXBuildFile; fileRef = CADDE7D1275F8688003B1F05 /* MainDiffableDataSource.swift */; };
		CAE46C79275E277300DEB23D /* AppDelegate.swift in Sources */ = {isa = PBXBuildFile; fileRef = CAE46C78275E277300DEB23D /* AppDelegate.swift */; };
		CAE46C82275E277500DEB23D /* Assets.xcassets in Resources */ = {isa = PBXBuildFile; fileRef = CAE46C81275E277500DEB23D /* Assets.xcassets */; };
		CAE46C85275E277500DEB23D /* LaunchScreen.storyboard in Resources */ = {isa = PBXBuildFile; fileRef = CAE46C83275E277500DEB23D /* LaunchScreen.storyboard */; };
		CAE46C92275E282D00DEB23D /* MainRouter.swift in Sources */ = {isa = PBXBuildFile; fileRef = CAE46C8E275E282D00DEB23D /* MainRouter.swift */; };
		CAE46C93275E282D00DEB23D /* MainViewController.swift in Sources */ = {isa = PBXBuildFile; fileRef = CAE46C8F275E282D00DEB23D /* MainViewController.swift */; };
		CAE46C94275E282D00DEB23D /* MainBuilder.swift in Sources */ = {isa = PBXBuildFile; fileRef = CAE46C90275E282D00DEB23D /* MainBuilder.swift */; };
		CAE46C95275E282D00DEB23D /* MainInteractor.swift in Sources */ = {isa = PBXBuildFile; fileRef = CAE46C91275E282D00DEB23D /* MainInteractor.swift */; };
		CAE46C9B275E288D00DEB23D /* AppRootRouter.swift in Sources */ = {isa = PBXBuildFile; fileRef = CAE46C97275E288D00DEB23D /* AppRootRouter.swift */; };
		CAE46C9C275E288D00DEB23D /* RootTabBarController.swift in Sources */ = {isa = PBXBuildFile; fileRef = CAE46C98275E288D00DEB23D /* RootTabBarController.swift */; };
		CAE46C9D275E288D00DEB23D /* AppRootBuilder.swift in Sources */ = {isa = PBXBuildFile; fileRef = CAE46C99275E288D00DEB23D /* AppRootBuilder.swift */; };
		CAE46C9E275E288D00DEB23D /* AppRootInteractor.swift in Sources */ = {isa = PBXBuildFile; fileRef = CAE46C9A275E288D00DEB23D /* AppRootInteractor.swift */; };
		CAE46CA1275E296500DEB23D /* ModernRIBs in Frameworks */ = {isa = PBXBuildFile; productRef = CAE46CA0275E296500DEB23D /* ModernRIBs */; };
		CAE46CA4275E299300DEB23D /* CombineExt in Frameworks */ = {isa = PBXBuildFile; productRef = CAE46CA3275E299300DEB23D /* CombineExt */; };
		CAE46CA6275E29F800DEB23D /* AppComponent.swift in Sources */ = {isa = PBXBuildFile; fileRef = CAE46CA5275E29F800DEB23D /* AppComponent.swift */; };
		CAE46CA9275E349800DEB23D /* Util.swift in Sources */ = {isa = PBXBuildFile; fileRef = CAE46CA8275E349800DEB23D /* Util.swift */; };
		CAE46CAD275E435500DEB23D /* file1.mp3 in Resources */ = {isa = PBXBuildFile; fileRef = CAE46CAC275E435500DEB23D /* file1.mp3 */; };
/* End PBXBuildFile section */

/* Begin PBXFileReference section */
		CA5F9D7C2763710D00E07AF2 /* MusicListCell.swift */ = {isa = PBXFileReference; lastKnownFileType = sourcecode.swift; path = MusicListCell.swift; sourceTree = "<group>"; };
		CADDE788275F6FB0003B1F05 /* file34.mp3 */ = {isa = PBXFileReference; lastKnownFileType = audio.mp3; path = file34.mp3; sourceTree = "<group>"; };
		CADDE789275F6FB0003B1F05 /* file15.mp3 */ = {isa = PBXFileReference; lastKnownFileType = audio.mp3; path = file15.mp3; sourceTree = "<group>"; };
		CADDE78A275F6FB0003B1F05 /* file22.mp3 */ = {isa = PBXFileReference; lastKnownFileType = audio.mp3; path = file22.mp3; sourceTree = "<group>"; };
		CADDE78B275F6FB0003B1F05 /* file3.mp3 */ = {isa = PBXFileReference; lastKnownFileType = audio.mp3; path = file3.mp3; sourceTree = "<group>"; };
		CADDE78C275F6FB0003B1F05 /* file28.mp3 */ = {isa = PBXFileReference; lastKnownFileType = audio.mp3; path = file28.mp3; sourceTree = "<group>"; };
		CADDE78D275F6FB0003B1F05 /* file5.mp3 */ = {isa = PBXFileReference; lastKnownFileType = audio.mp3; path = file5.mp3; sourceTree = "<group>"; };
		CADDE78E275F6FB1003B1F05 /* file33.mp3 */ = {isa = PBXFileReference; lastKnownFileType = audio.mp3; path = file33.mp3; sourceTree = "<group>"; };
		CADDE78F275F6FB1003B1F05 /* file8.mp3 */ = {isa = PBXFileReference; lastKnownFileType = audio.mp3; path = file8.mp3; sourceTree = "<group>"; };
		CADDE790275F6FB1003B1F05 /* file6.mp3 */ = {isa = PBXFileReference; lastKnownFileType = audio.mp3; path = file6.mp3; sourceTree = "<group>"; };
		CADDE791275F6FB1003B1F05 /* file12.mp3 */ = {isa = PBXFileReference; lastKnownFileType = audio.mp3; path = file12.mp3; sourceTree = "<group>"; };
		CADDE792275F6FB1003B1F05 /* file16.mp3 */ = {isa = PBXFileReference; lastKnownFileType = audio.mp3; path = file16.mp3; sourceTree = "<group>"; };
		CADDE793275F6FB1003B1F05 /* file7.mp3 */ = {isa = PBXFileReference; lastKnownFileType = audio.mp3; path = file7.mp3; sourceTree = "<group>"; };
		CADDE794275F6FB1003B1F05 /* file4.mp3 */ = {isa = PBXFileReference; lastKnownFileType = audio.mp3; path = file4.mp3; sourceTree = "<group>"; };
		CADDE795275F6FB1003B1F05 /* file11.mp3 */ = {isa = PBXFileReference; lastKnownFileType = audio.mp3; path = file11.mp3; sourceTree = "<group>"; };
		CADDE796275F6FB1003B1F05 /* file26.mp3 */ = {isa = PBXFileReference; lastKnownFileType = audio.mp3; path = file26.mp3; sourceTree = "<group>"; };
		CADDE797275F6FB1003B1F05 /* file29.mp3 */ = {isa = PBXFileReference; lastKnownFileType = audio.mp3; path = file29.mp3; sourceTree = "<group>"; };
		CADDE798275F6FB1003B1F05 /* file27.mp3 */ = {isa = PBXFileReference; lastKnownFileType = audio.mp3; path = file27.mp3; sourceTree = "<group>"; };
		CADDE799275F6FB1003B1F05 /* file18.mp3 */ = {isa = PBXFileReference; lastKnownFileType = audio.mp3; path = file18.mp3; sourceTree = "<group>"; };
		CADDE79A275F6FB1003B1F05 /* file30.mp3 */ = {isa = PBXFileReference; lastKnownFileType = audio.mp3; path = file30.mp3; sourceTree = "<group>"; };
		CADDE79B275F6FB1003B1F05 /* file10.mp3 */ = {isa = PBXFileReference; lastKnownFileType = audio.mp3; path = file10.mp3; sourceTree = "<group>"; };
		CADDE79C275F6FB1003B1F05 /* file25.mp3 */ = {isa = PBXFileReference; lastKnownFileType = audio.mp3; path = file25.mp3; sourceTree = "<group>"; };
		CADDE79D275F6FB1003B1F05 /* file14.mp3 */ = {isa = PBXFileReference; lastKnownFileType = audio.mp3; path = file14.mp3; sourceTree = "<group>"; };
		CADDE79E275F6FB2003B1F05 /* file24.mp3 */ = {isa = PBXFileReference; lastKnownFileType = audio.mp3; path = file24.mp3; sourceTree = "<group>"; };
		CADDE79F275F6FB2003B1F05 /* file23.mp3 */ = {isa = PBXFileReference; lastKnownFileType = audio.mp3; path = file23.mp3; sourceTree = "<group>"; };
		CADDE7A0275F6FB2003B1F05 /* file9.mp3 */ = {isa = PBXFileReference; lastKnownFileType = audio.mp3; path = file9.mp3; sourceTree = "<group>"; };
		CADDE7A1275F6FB2003B1F05 /* file32.mp3 */ = {isa = PBXFileReference; lastKnownFileType = audio.mp3; path = file32.mp3; sourceTree = "<group>"; };
		CADDE7A2275F6FB2003B1F05 /* file2.mp3 */ = {isa = PBXFileReference; lastKnownFileType = audio.mp3; path = file2.mp3; sourceTree = "<group>"; };
		CADDE7A3275F6FB2003B1F05 /* file17.mp3 */ = {isa = PBXFileReference; lastKnownFileType = audio.mp3; path = file17.mp3; sourceTree = "<group>"; };
		CADDE7A4275F6FB2003B1F05 /* file13.mp3 */ = {isa = PBXFileReference; lastKnownFileType = audio.mp3; path = file13.mp3; sourceTree = "<group>"; };
		CADDE7A5275F6FB2003B1F05 /* file21.mp3 */ = {isa = PBXFileReference; lastKnownFileType = audio.mp3; path = file21.mp3; sourceTree = "<group>"; };
		CADDE7A6275F6FB2003B1F05 /* file19.mp3 */ = {isa = PBXFileReference; lastKnownFileType = audio.mp3; path = file19.mp3; sourceTree = "<group>"; };
		CADDE7A7275F6FB2003B1F05 /* file20.mp3 */ = {isa = PBXFileReference; lastKnownFileType = audio.mp3; path = file20.mp3; sourceTree = "<group>"; };
		CADDE7A8275F6FB2003B1F05 /* file31.mp3 */ = {isa = PBXFileReference; lastKnownFileType = audio.mp3; path = file31.mp3; sourceTree = "<group>"; };
		CADDE7CA275F709C003B1F05 /* UIViewControllerEx.swift */ = {isa = PBXFileReference; lastKnownFileType = sourcecode.swift; path = UIViewControllerEx.swift; sourceTree = "<group>"; };
		CADDE7CD275F726A003B1F05 /* ListeningFilesRepository.swift */ = {isa = PBXFileReference; lastKnownFileType = sourcecode.swift; path = ListeningFilesRepository.swift; sourceTree = "<group>"; };
		CADDE7CF275F7656003B1F05 /* MusicFile.swift */ = {isa = PBXFileReference; lastKnownFileType = sourcecode.swift; path = MusicFile.swift; sourceTree = "<group>"; };
		CADDE7D1275F8688003B1F05 /* MainDiffableDataSource.swift */ = {isa = PBXFileReference; lastKnownFileType = sourcecode.swift; path = MainDiffableDataSource.swift; sourceTree = "<group>"; };
		CAE46C75275E277300DEB23D /* MPThreePlayer.app */ = {isa = PBXFileReference; explicitFileType = wrapper.application; includeInIndex = 0; path = MPThreePlayer.app; sourceTree = BUILT_PRODUCTS_DIR; };
		CAE46C78275E277300DEB23D /* AppDelegate.swift */ = {isa = PBXFileReference; lastKnownFileType = sourcecode.swift; path = AppDelegate.swift; sourceTree = "<group>"; };
		CAE46C81275E277500DEB23D /* Assets.xcassets */ = {isa = PBXFileReference; lastKnownFileType = folder.assetcatalog; path = Assets.xcassets; sourceTree = "<group>"; };
		CAE46C84275E277500DEB23D /* Base */ = {isa = PBXFileReference; lastKnownFileType = file.storyboard; name = Base; path = Base.lproj/LaunchScreen.storyboard; sourceTree = "<group>"; };
		CAE46C86275E277500DEB23D /* Info.plist */ = {isa = PBXFileReference; lastKnownFileType = text.plist.xml; path = Info.plist; sourceTree = "<group>"; };
		CAE46C8E275E282D00DEB23D /* MainRouter.swift */ = {isa = PBXFileReference; lastKnownFileType = sourcecode.swift; path = MainRouter.swift; sourceTree = "<group>"; };
		CAE46C8F275E282D00DEB23D /* MainViewController.swift */ = {isa = PBXFileReference; lastKnownFileType = sourcecode.swift; path = MainViewController.swift; sourceTree = "<group>"; };
		CAE46C90275E282D00DEB23D /* MainBuilder.swift */ = {isa = PBXFileReference; lastKnownFileType = sourcecode.swift; path = MainBuilder.swift; sourceTree = "<group>"; };
		CAE46C91275E282D00DEB23D /* MainInteractor.swift */ = {isa = PBXFileReference; lastKnownFileType = sourcecode.swift; path = MainInteractor.swift; sourceTree = "<group>"; };
		CAE46C97275E288D00DEB23D /* AppRootRouter.swift */ = {isa = PBXFileReference; lastKnownFileType = sourcecode.swift; path = AppRootRouter.swift; sourceTree = "<group>"; };
		CAE46C98275E288D00DEB23D /* RootTabBarController.swift */ = {isa = PBXFileReference; lastKnownFileType = sourcecode.swift; path = RootTabBarController.swift; sourceTree = "<group>"; };
		CAE46C99275E288D00DEB23D /* AppRootBuilder.swift */ = {isa = PBXFileReference; lastKnownFileType = sourcecode.swift; path = AppRootBuilder.swift; sourceTree = "<group>"; };
		CAE46C9A275E288D00DEB23D /* AppRootInteractor.swift */ = {isa = PBXFileReference; lastKnownFileType = sourcecode.swift; path = AppRootInteractor.swift; sourceTree = "<group>"; };
		CAE46CA5275E29F800DEB23D /* AppComponent.swift */ = {isa = PBXFileReference; lastKnownFileType = sourcecode.swift; path = AppComponent.swift; sourceTree = "<group>"; };
		CAE46CA8275E349800DEB23D /* Util.swift */ = {isa = PBXFileReference; lastKnownFileType = sourcecode.swift; path = Util.swift; sourceTree = "<group>"; };
		CAE46CAC275E435500DEB23D /* file1.mp3 */ = {isa = PBXFileReference; lastKnownFileType = audio.mp3; path = file1.mp3; sourceTree = "<group>"; };
/* End PBXFileReference section */

/* Begin PBXFrameworksBuildPhase section */
		CAE46C72275E277300DEB23D /* Frameworks */ = {
			isa = PBXFrameworksBuildPhase;
			buildActionMask = 2147483647;
			files = (
				CAE46CA4275E299300DEB23D /* CombineExt in Frameworks */,
				CAE46CA1275E296500DEB23D /* ModernRIBs in Frameworks */,
			);
			runOnlyForDeploymentPostprocessing = 0;
		};
/* End PBXFrameworksBuildPhase section */

/* Begin PBXGroup section */
		CA5F9D7A2763665100E07AF2 /* Models */ = {
			isa = PBXGroup;
			children = (
				CADDE7CF275F7656003B1F05 /* MusicFile.swift */,
			);
			path = Models;
			sourceTree = "<group>";
		};
		CA5F9D7B276370FC00E07AF2 /* TableView */ = {
			isa = PBXGroup;
			children = (
				CADDE7D1275F8688003B1F05 /* MainDiffableDataSource.swift */,
				CA5F9D7C2763710D00E07AF2 /* MusicListCell.swift */,
			);
			path = TableView;
			sourceTree = "<group>";
		};
		CADDE7CC275F7247003B1F05 /* Repository */ = {
			isa = PBXGroup;
			children = (
				CADDE7CD275F726A003B1F05 /* ListeningFilesRepository.swift */,
			);
			path = Repository;
			sourceTree = "<group>";
		};
		CAE46C6C275E277300DEB23D = {
			isa = PBXGroup;
			children = (
				CAE46C77275E277300DEB23D /* MPThreePlayer */,
				CAE46C76275E277300DEB23D /* Products */,
			);
			sourceTree = "<group>";
		};
		CAE46C76275E277300DEB23D /* Products */ = {
			isa = PBXGroup;
			children = (
				CAE46C75275E277300DEB23D /* MPThreePlayer.app */,
			);
			name = Products;
			sourceTree = "<group>";
		};
		CAE46C77275E277300DEB23D /* MPThreePlayer */ = {
			isa = PBXGroup;
			children = (
				CAE46CAA275E40A700DEB23D /* Resources */,
				CAE46CA7275E349200DEB23D /* Utils */,
				CAE46C8C275E27BA00DEB23D /* AppDelegate */,
				CAE46C96275E285E00DEB23D /* AppRoot */,
				CAE46C8D275E27CF00DEB23D /* Main */,
				CAE46C86275E277500DEB23D /* Info.plist */,
			);
			path = MPThreePlayer;
			sourceTree = "<group>";
		};
		CAE46C8C275E27BA00DEB23D /* AppDelegate */ = {
			isa = PBXGroup;
			children = (
				CAE46C78275E277300DEB23D /* AppDelegate.swift */,
				CAE46CA5275E29F800DEB23D /* AppComponent.swift */,
			);
			path = AppDelegate;
			sourceTree = "<group>";
		};
		CAE46C8D275E27CF00DEB23D /* Main */ = {
			isa = PBXGroup;
			children = (
				CA5F9D7B276370FC00E07AF2 /* TableView */,
				CA5F9D7A2763665100E07AF2 /* Models */,
				CADDE7CC275F7247003B1F05 /* Repository */,
				CAE46C8E275E282D00DEB23D /* MainRouter.swift */,
				CAE46C8F275E282D00DEB23D /* MainViewController.swift */,
				CAE46C90275E282D00DEB23D /* MainBuilder.swift */,
				CAE46C91275E282D00DEB23D /* MainInteractor.swift */,
			);
			path = Main;
			sourceTree = "<group>";
		};
		CAE46C96275E285E00DEB23D /* AppRoot */ = {
			isa = PBXGroup;
			children = (
				CAE46C97275E288D00DEB23D /* AppRootRouter.swift */,
				CAE46C98275E288D00DEB23D /* RootTabBarController.swift */,
				CAE46C99275E288D00DEB23D /* AppRootBuilder.swift */,
				CAE46C9A275E288D00DEB23D /* AppRootInteractor.swift */,
			);
			path = AppRoot;
			sourceTree = "<group>";
		};
		CAE46CA7275E349200DEB23D /* Utils */ = {
			isa = PBXGroup;
			children = (
				CAE46CA8275E349800DEB23D /* Util.swift */,
				CADDE7CA275F709C003B1F05 /* UIViewControllerEx.swift */,
			);
			path = Utils;
			sourceTree = "<group>";
		};
		CAE46CAA275E40A700DEB23D /* Resources */ = {
			isa = PBXGroup;
			children = (
				CAE46CAB275E40B200DEB23D /* Files */,
				CAE46C83275E277500DEB23D /* LaunchScreen.storyboard */,
				CAE46C81275E277500DEB23D /* Assets.xcassets */,
			);
			path = Resources;
			sourceTree = "<group>";
		};
		CAE46CAB275E40B200DEB23D /* Files */ = {
			isa = PBXGroup;
			children = (
				CAE46CAC275E435500DEB23D /* file1.mp3 */,
				CADDE7A2275F6FB2003B1F05 /* file2.mp3 */,
				CADDE78B275F6FB0003B1F05 /* file3.mp3 */,
				CADDE794275F6FB1003B1F05 /* file4.mp3 */,
				CADDE78D275F6FB0003B1F05 /* file5.mp3 */,
				CADDE790275F6FB1003B1F05 /* file6.mp3 */,
				CADDE793275F6FB1003B1F05 /* file7.mp3 */,
				CADDE78F275F6FB1003B1F05 /* file8.mp3 */,
				CADDE7A0275F6FB2003B1F05 /* file9.mp3 */,
				CADDE79B275F6FB1003B1F05 /* file10.mp3 */,
				CADDE795275F6FB1003B1F05 /* file11.mp3 */,
				CADDE791275F6FB1003B1F05 /* file12.mp3 */,
				CADDE7A4275F6FB2003B1F05 /* file13.mp3 */,
				CADDE79D275F6FB1003B1F05 /* file14.mp3 */,
				CADDE789275F6FB0003B1F05 /* file15.mp3 */,
				CADDE792275F6FB1003B1F05 /* file16.mp3 */,
				CADDE7A3275F6FB2003B1F05 /* file17.mp3 */,
				CADDE799275F6FB1003B1F05 /* file18.mp3 */,
				CADDE7A6275F6FB2003B1F05 /* file19.mp3 */,
				CADDE7A7275F6FB2003B1F05 /* file20.mp3 */,
				CADDE7A5275F6FB2003B1F05 /* file21.mp3 */,
				CADDE78A275F6FB0003B1F05 /* file22.mp3 */,
				CADDE79F275F6FB2003B1F05 /* file23.mp3 */,
				CADDE79E275F6FB2003B1F05 /* file24.mp3 */,
				CADDE79C275F6FB1003B1F05 /* file25.mp3 */,
				CADDE796275F6FB1003B1F05 /* file26.mp3 */,
				CADDE798275F6FB1003B1F05 /* file27.mp3 */,
				CADDE78C275F6FB0003B1F05 /* file28.mp3 */,
				CADDE797275F6FB1003B1F05 /* file29.mp3 */,
				CADDE79A275F6FB1003B1F05 /* file30.mp3 */,
				CADDE7A8275F6FB2003B1F05 /* file31.mp3 */,
				CADDE7A1275F6FB2003B1F05 /* file32.mp3 */,
				CADDE78E275F6FB1003B1F05 /* file33.mp3 */,
				CADDE788275F6FB0003B1F05 /* file34.mp3 */,
			);
			path = Files;
			sourceTree = "<group>";
		};
/* End PBXGroup section */

/* Begin PBXNativeTarget section */
		CAE46C74275E277300DEB23D /* MPThreePlayer */ = {
			isa = PBXNativeTarget;
			buildConfigurationList = CAE46C89275E277500DEB23D /* Build configuration list for PBXNativeTarget "MPThreePlayer" */;
			buildPhases = (
				CAE46C71275E277300DEB23D /* Sources */,
				CAE46C72275E277300DEB23D /* Frameworks */,
				CAE46C73275E277300DEB23D /* Resources */,
			);
			buildRules = (
			);
			dependencies = (
			);
			name = MPThreePlayer;
			packageProductDependencies = (
				CAE46CA0275E296500DEB23D /* ModernRIBs */,
				CAE46CA3275E299300DEB23D /* CombineExt */,
			);
			productName = MPThreePlayer;
			productReference = CAE46C75275E277300DEB23D /* MPThreePlayer.app */;
			productType = "com.apple.product-type.application";
		};
/* End PBXNativeTarget section */

/* Begin PBXProject section */
		CAE46C6D275E277300DEB23D /* Project object */ = {
			isa = PBXProject;
			attributes = {
				BuildIndependentTargetsInParallel = 1;
				LastSwiftUpdateCheck = 1310;
				LastUpgradeCheck = 1310;
				TargetAttributes = {
					CAE46C74275E277300DEB23D = {
						CreatedOnToolsVersion = 13.1;
					};
				};
			};
			buildConfigurationList = CAE46C70275E277300DEB23D /* Build configuration list for PBXProject "MPThreePlayer" */;
			compatibilityVersion = "Xcode 13.0";
			developmentRegion = en;
			hasScannedForEncodings = 0;
			knownRegions = (
				en,
				Base,
			);
			mainGroup = CAE46C6C275E277300DEB23D;
			packageReferences = (
				CAE46C9F275E296500DEB23D /* XCRemoteSwiftPackageReference "ModernRIBs" */,
				CAE46CA2275E299300DEB23D /* XCRemoteSwiftPackageReference "CombineExt" */,
			);
			productRefGroup = CAE46C76275E277300DEB23D /* Products */;
			projectDirPath = "";
			projectRoot = "";
			targets = (
				CAE46C74275E277300DEB23D /* MPThreePlayer */,
			);
		};
/* End PBXProject section */

/* Begin PBXResourcesBuildPhase section */
		CAE46C73275E277300DEB23D /* Resources */ = {
			isa = PBXResourcesBuildPhase;
			buildActionMask = 2147483647;
			files = (
				CADDE7AE275F6FB2003B1F05 /* file5.mp3 in Resources */,
				CADDE7AF275F6FB2003B1F05 /* file33.mp3 in Resources */,
				CADDE7B9275F6FB2003B1F05 /* file27.mp3 in Resources */,
				CADDE7B4275F6FB2003B1F05 /* file7.mp3 in Resources */,
				CADDE7C0275F6FB2003B1F05 /* file23.mp3 in Resources */,
				CADDE7B6275F6FB2003B1F05 /* file11.mp3 in Resources */,
				CADDE7C4275F6FB2003B1F05 /* file17.mp3 in Resources */,
				CADDE7AA275F6FB2003B1F05 /* file15.mp3 in Resources */,
				CADDE7AB275F6FB2003B1F05 /* file22.mp3 in Resources */,
				CADDE7BE275F6FB2003B1F05 /* file14.mp3 in Resources */,
				CADDE7C6275F6FB2003B1F05 /* file21.mp3 in Resources */,
				CADDE7C8275F6FB2003B1F05 /* file20.mp3 in Resources */,
				CADDE7BA275F6FB2003B1F05 /* file18.mp3 in Resources */,
				CADDE7C9275F6FB2003B1F05 /* file31.mp3 in Resources */,
				CADDE7BC275F6FB2003B1F05 /* file10.mp3 in Resources */,
				CADDE7BB275F6FB2003B1F05 /* file30.mp3 in Resources */,
				CADDE7C5275F6FB2003B1F05 /* file13.mp3 in Resources */,
				CADDE7C3275F6FB2003B1F05 /* file2.mp3 in Resources */,
				CADDE7BF275F6FB2003B1F05 /* file24.mp3 in Resources */,
				CADDE7B8275F6FB2003B1F05 /* file29.mp3 in Resources */,
				CADDE7B2275F6FB2003B1F05 /* file12.mp3 in Resources */,
				CADDE7AC275F6FB2003B1F05 /* file3.mp3 in Resources */,
				CADDE7AD275F6FB2003B1F05 /* file28.mp3 in Resources */,
				CADDE7B0275F6FB2003B1F05 /* file8.mp3 in Resources */,
				CADDE7C2275F6FB2003B1F05 /* file32.mp3 in Resources */,
				CADDE7A9275F6FB2003B1F05 /* file34.mp3 in Resources */,
				CADDE7BD275F6FB2003B1F05 /* file25.mp3 in Resources */,
				CAE46C85275E277500DEB23D /* LaunchScreen.storyboard in Resources */,
				CADDE7C1275F6FB2003B1F05 /* file9.mp3 in Resources */,
				CAE46C82275E277500DEB23D /* Assets.xcassets in Resources */,
				CADDE7B7275F6FB2003B1F05 /* file26.mp3 in Resources */,
				CADDE7C7275F6FB2003B1F05 /* file19.mp3 in Resources */,
				CADDE7B5275F6FB2003B1F05 /* file4.mp3 in Resources */,
				CADDE7B1275F6FB2003B1F05 /* file6.mp3 in Resources */,
				CADDE7B3275F6FB2003B1F05 /* file16.mp3 in Resources */,
				CAE46CAD275E435500DEB23D /* file1.mp3 in Resources */,
			);
			runOnlyForDeploymentPostprocessing = 0;
		};
/* End PBXResourcesBuildPhase section */

/* Begin PBXSourcesBuildPhase section */
		CAE46C71275E277300DEB23D /* Sources */ = {
			isa = PBXSourcesBuildPhase;
			buildActionMask = 2147483647;
			files = (
				CAE46CA9275E349800DEB23D /* Util.swift in Sources */,
				CAE46C79275E277300DEB23D /* AppDelegate.swift in Sources */,
				CAE46C9B275E288D00DEB23D /* AppRootRouter.swift in Sources */,
				CAE46C9C275E288D00DEB23D /* RootTabBarController.swift in Sources */,
				CADDE7CE275F726A003B1F05 /* ListeningFilesRepository.swift in Sources */,
				CAE46C9E275E288D00DEB23D /* AppRootInteractor.swift in Sources */,
				CAE46C92275E282D00DEB23D /* MainRouter.swift in Sources */,
				CAE46CA6275E29F800DEB23D /* AppComponent.swift in Sources */,
				CAE46C93275E282D00DEB23D /* MainViewController.swift in Sources */,
				CADDE7D0275F7656003B1F05 /* MusicFile.swift in Sources */,
				CAE46C94275E282D00DEB23D /* MainBuilder.swift in Sources */,
				CA5F9D7D2763710E00E07AF2 /* MusicListCell.swift in Sources */,
				CADDE7CB275F709C003B1F05 /* UIViewControllerEx.swift in Sources */,
				CAE46C95275E282D00DEB23D /* MainInteractor.swift in Sources */,
				CAE46C9D275E288D00DEB23D /* AppRootBuilder.swift in Sources */,
				CADDE7D2275F8688003B1F05 /* MainDiffableDataSource.swift in Sources */,
			);
			runOnlyForDeploymentPostprocessing = 0;
		};
/* End PBXSourcesBuildPhase section */

/* Begin PBXVariantGroup section */
		CAE46C83275E277500DEB23D /* LaunchScreen.storyboard */ = {
			isa = PBXVariantGroup;
			children = (
				CAE46C84275E277500DEB23D /* Base */,
			);
			name = LaunchScreen.storyboard;
			sourceTree = "<group>";
		};
/* End PBXVariantGroup section */

/* Begin XCBuildConfiguration section */
		CAE46C87275E277500DEB23D /* Debug */ = {
			isa = XCBuildConfiguration;
			buildSettings = {
				ALWAYS_SEARCH_USER_PATHS = NO;
				CLANG_ANALYZER_NONNULL = YES;
				CLANG_ANALYZER_NUMBER_OBJECT_CONVERSION = YES_AGGRESSIVE;
				CLANG_CXX_LANGUAGE_STANDARD = "gnu++17";
				CLANG_CXX_LIBRARY = "libc++";
				CLANG_ENABLE_MODULES = YES;
				CLANG_ENABLE_OBJC_ARC = YES;
				CLANG_ENABLE_OBJC_WEAK = YES;
				CLANG_WARN_BLOCK_CAPTURE_AUTORELEASING = YES;
				CLANG_WARN_BOOL_CONVERSION = YES;
				CLANG_WARN_COMMA = YES;
				CLANG_WARN_CONSTANT_CONVERSION = YES;
				CLANG_WARN_DEPRECATED_OBJC_IMPLEMENTATIONS = YES;
				CLANG_WARN_DIRECT_OBJC_ISA_USAGE = YES_ERROR;
				CLANG_WARN_DOCUMENTATION_COMMENTS = YES;
				CLANG_WARN_EMPTY_BODY = YES;
				CLANG_WARN_ENUM_CONVERSION = YES;
				CLANG_WARN_INFINITE_RECURSION = YES;
				CLANG_WARN_INT_CONVERSION = YES;
				CLANG_WARN_NON_LITERAL_NULL_CONVERSION = YES;
				CLANG_WARN_OBJC_IMPLICIT_RETAIN_SELF = YES;
				CLANG_WARN_OBJC_LITERAL_CONVERSION = YES;
				CLANG_WARN_OBJC_ROOT_CLASS = YES_ERROR;
				CLANG_WARN_QUOTED_INCLUDE_IN_FRAMEWORK_HEADER = YES;
				CLANG_WARN_RANGE_LOOP_ANALYSIS = YES;
				CLANG_WARN_STRICT_PROTOTYPES = YES;
				CLANG_WARN_SUSPICIOUS_MOVE = YES;
				CLANG_WARN_UNGUARDED_AVAILABILITY = YES_AGGRESSIVE;
				CLANG_WARN_UNREACHABLE_CODE = YES;
				CLANG_WARN__DUPLICATE_METHOD_MATCH = YES;
				COPY_PHASE_STRIP = NO;
				DEBUG_INFORMATION_FORMAT = dwarf;
				ENABLE_STRICT_OBJC_MSGSEND = YES;
				ENABLE_TESTABILITY = YES;
				GCC_C_LANGUAGE_STANDARD = gnu11;
				GCC_DYNAMIC_NO_PIC = NO;
				GCC_NO_COMMON_BLOCKS = YES;
				GCC_OPTIMIZATION_LEVEL = 0;
				GCC_PREPROCESSOR_DEFINITIONS = (
					"DEBUG=1",
					"$(inherited)",
				);
				GCC_WARN_64_TO_32_BIT_CONVERSION = YES;
				GCC_WARN_ABOUT_RETURN_TYPE = YES_ERROR;
				GCC_WARN_UNDECLARED_SELECTOR = YES;
				GCC_WARN_UNINITIALIZED_AUTOS = YES_AGGRESSIVE;
				GCC_WARN_UNUSED_FUNCTION = YES;
				GCC_WARN_UNUSED_VARIABLE = YES;
				IPHONEOS_DEPLOYMENT_TARGET = 15.0;
				MTL_ENABLE_DEBUG_INFO = INCLUDE_SOURCE;
				MTL_FAST_MATH = YES;
				ONLY_ACTIVE_ARCH = YES;
				SDKROOT = iphoneos;
				SWIFT_ACTIVE_COMPILATION_CONDITIONS = DEBUG;
				SWIFT_OPTIMIZATION_LEVEL = "-Onone";
			};
			name = Debug;
		};
		CAE46C88275E277500DEB23D /* Release */ = {
			isa = XCBuildConfiguration;
			buildSettings = {
				ALWAYS_SEARCH_USER_PATHS = NO;
				CLANG_ANALYZER_NONNULL = YES;
				CLANG_ANALYZER_NUMBER_OBJECT_CONVERSION = YES_AGGRESSIVE;
				CLANG_CXX_LANGUAGE_STANDARD = "gnu++17";
				CLANG_CXX_LIBRARY = "libc++";
				CLANG_ENABLE_MODULES = YES;
				CLANG_ENABLE_OBJC_ARC = YES;
				CLANG_ENABLE_OBJC_WEAK = YES;
				CLANG_WARN_BLOCK_CAPTURE_AUTORELEASING = YES;
				CLANG_WARN_BOOL_CONVERSION = YES;
				CLANG_WARN_COMMA = YES;
				CLANG_WARN_CONSTANT_CONVERSION = YES;
				CLANG_WARN_DEPRECATED_OBJC_IMPLEMENTATIONS = YES;
				CLANG_WARN_DIRECT_OBJC_ISA_USAGE = YES_ERROR;
				CLANG_WARN_DOCUMENTATION_COMMENTS = YES;
				CLANG_WARN_EMPTY_BODY = YES;
				CLANG_WARN_ENUM_CONVERSION = YES;
				CLANG_WARN_INFINITE_RECURSION = YES;
				CLANG_WARN_INT_CONVERSION = YES;
				CLANG_WARN_NON_LITERAL_NULL_CONVERSION = YES;
				CLANG_WARN_OBJC_IMPLICIT_RETAIN_SELF = YES;
				CLANG_WARN_OBJC_LITERAL_CONVERSION = YES;
				CLANG_WARN_OBJC_ROOT_CLASS = YES_ERROR;
				CLANG_WARN_QUOTED_INCLUDE_IN_FRAMEWORK_HEADER = YES;
				CLANG_WARN_RANGE_LOOP_ANALYSIS = YES;
				CLANG_WARN_STRICT_PROTOTYPES = YES;
				CLANG_WARN_SUSPICIOUS_MOVE = YES;
				CLANG_WARN_UNGUARDED_AVAILABILITY = YES_AGGRESSIVE;
				CLANG_WARN_UNREACHABLE_CODE = YES;
				CLANG_WARN__DUPLICATE_METHOD_MATCH = YES;
				COPY_PHASE_STRIP = NO;
				DEBUG_INFORMATION_FORMAT = "dwarf-with-dsym";
				ENABLE_NS_ASSERTIONS = NO;
				ENABLE_STRICT_OBJC_MSGSEND = YES;
				GCC_C_LANGUAGE_STANDARD = gnu11;
				GCC_NO_COMMON_BLOCKS = YES;
				GCC_WARN_64_TO_32_BIT_CONVERSION = YES;
				GCC_WARN_ABOUT_RETURN_TYPE = YES_ERROR;
				GCC_WARN_UNDECLARED_SELECTOR = YES;
				GCC_WARN_UNINITIALIZED_AUTOS = YES_AGGRESSIVE;
				GCC_WARN_UNUSED_FUNCTION = YES;
				GCC_WARN_UNUSED_VARIABLE = YES;
				IPHONEOS_DEPLOYMENT_TARGET = 15.0;
				MTL_ENABLE_DEBUG_INFO = NO;
				MTL_FAST_MATH = YES;
				SDKROOT = iphoneos;
				SWIFT_COMPILATION_MODE = wholemodule;
				SWIFT_OPTIMIZATION_LEVEL = "-O";
				VALIDATE_PRODUCT = YES;
			};
			name = Release;
		};
		CAE46C8A275E277500DEB23D /* Debug */ = {
			isa = XCBuildConfiguration;
			buildSettings = {
				ASSETCATALOG_COMPILER_APPICON_NAME = AppIcon;
				ASSETCATALOG_COMPILER_GLOBAL_ACCENT_COLOR_NAME = AccentColor;
				CODE_SIGN_STYLE = Automatic;
				CURRENT_PROJECT_VERSION = 1;
				DEVELOPMENT_TEAM = HGQ9YZ4HTR;
				GENERATE_INFOPLIST_FILE = YES;
				INFOPLIST_FILE = MPThreePlayer/Info.plist;
				INFOPLIST_KEY_UIApplicationSupportsIndirectInputEvents = YES;
				INFOPLIST_KEY_UILaunchStoryboardName = LaunchScreen;
				INFOPLIST_KEY_UISupportedInterfaceOrientations_iPad = "UIInterfaceOrientationPortrait UIInterfaceOrientationPortraitUpsideDown UIInterfaceOrientationLandscapeLeft UIInterfaceOrientationLandscapeRight";
				INFOPLIST_KEY_UISupportedInterfaceOrientations_iPhone = "UIInterfaceOrientationPortrait UIInterfaceOrientationLandscapeLeft UIInterfaceOrientationLandscapeRight";
				LD_RUNPATH_SEARCH_PATHS = (
					"$(inherited)",
					"@executable_path/Frameworks",
				);
				MARKETING_VERSION = 1.0;
				PRODUCT_BUNDLE_IDENTIFIER = com.devming.MPThreePlayer;
				PRODUCT_NAME = "$(TARGET_NAME)";
				SWIFT_EMIT_LOC_STRINGS = YES;
				SWIFT_VERSION = 5.0;
				TARGETED_DEVICE_FAMILY = "1,2";
			};
			name = Debug;
		};
		CAE46C8B275E277500DEB23D /* Release */ = {
			isa = XCBuildConfiguration;
			buildSettings = {
				ASSETCATALOG_COMPILER_APPICON_NAME = AppIcon;
				ASSETCATALOG_COMPILER_GLOBAL_ACCENT_COLOR_NAME = AccentColor;
				CODE_SIGN_STYLE = Automatic;
				CURRENT_PROJECT_VERSION = 1;
				DEVELOPMENT_TEAM = HGQ9YZ4HTR;
				GENERATE_INFOPLIST_FILE = YES;
				INFOPLIST_FILE = MPThreePlayer/Info.plist;
				INFOPLIST_KEY_UIApplicationSupportsIndirectInputEvents = YES;
				INFOPLIST_KEY_UILaunchStoryboardName = LaunchScreen;
				INFOPLIST_KEY_UISupportedInterfaceOrientations_iPad = "UIInterfaceOrientationPortrait UIInterfaceOrientationPortraitUpsideDown UIInterfaceOrientationLandscapeLeft UIInterfaceOrientationLandscapeRight";
				INFOPLIST_KEY_UISupportedInterfaceOrientations_iPhone = "UIInterfaceOrientationPortrait UIInterfaceOrientationLandscapeLeft UIInterfaceOrientationLandscapeRight";
				LD_RUNPATH_SEARCH_PATHS = (
					"$(inherited)",
					"@executable_path/Frameworks",
				);
				MARKETING_VERSION = 1.0;
				PRODUCT_BUNDLE_IDENTIFIER = com.devming.MPThreePlayer;
				PRODUCT_NAME = "$(TARGET_NAME)";
				SWIFT_EMIT_LOC_STRINGS = YES;
				SWIFT_VERSION = 5.0;
				TARGETED_DEVICE_FAMILY = "1,2";
			};
			name = Release;
		};
/* End XCBuildConfiguration section */

/* Begin XCConfigurationList section */
		CAE46C70275E277300DEB23D /* Build configuration list for PBXProject "MPThreePlayer" */ = {
			isa = XCConfigurationList;
			buildConfigurations = (
				CAE46C87275E277500DEB23D /* Debug */,
				CAE46C88275E277500DEB23D /* Release */,
			);
			defaultConfigurationIsVisible = 0;
			defaultConfigurationName = Release;
		};
		CAE46C89275E277500DEB23D /* Build configuration list for PBXNativeTarget "MPThreePlayer" */ = {
			isa = XCConfigurationList;
			buildConfigurations = (
				CAE46C8A275E277500DEB23D /* Debug */,
				CAE46C8B275E277500DEB23D /* Release */,
			);
			defaultConfigurationIsVisible = 0;
			defaultConfigurationName = Release;
		};
/* End XCConfigurationList section */

/* Begin XCRemoteSwiftPackageReference section */
		CAE46C9F275E296500DEB23D /* XCRemoteSwiftPackageReference "ModernRIBs" */ = {
			isa = XCRemoteSwiftPackageReference;
			repositoryURL = "https://github.com/DevYeom/ModernRIBs";
			requirement = {
				branch = main;
				kind = branch;
			};
		};
		CAE46CA2275E299300DEB23D /* XCRemoteSwiftPackageReference "CombineExt" */ = {
			isa = XCRemoteSwiftPackageReference;
			repositoryURL = "https://github.com/CombineCommunity/CombineExt";
			requirement = {
				branch = main;
				kind = branch;
			};
		};
/* End XCRemoteSwiftPackageReference section */

/* Begin XCSwiftPackageProductDependency section */
		CAE46CA0275E296500DEB23D /* ModernRIBs */ = {
			isa = XCSwiftPackageProductDependency;
			package = CAE46C9F275E296500DEB23D /* XCRemoteSwiftPackageReference "ModernRIBs" */;
			productName = ModernRIBs;
		};
		CAE46CA3275E299300DEB23D /* CombineExt */ = {
			isa = XCSwiftPackageProductDependency;
			package = CAE46CA2275E299300DEB23D /* XCRemoteSwiftPackageReference "CombineExt" */;
			productName = CombineExt;
		};
/* End XCSwiftPackageProductDependency section */
	};
	rootObject = CAE46C6D275E277300DEB23D /* Project object */;
}
